
Microsoft Visual Studio Solution File, Format Version 12.00
# Visual Studio Version 17
VisualStudioVersion = 17.0.32014.148
MinimumVisualStudioVersion = 10.0.40219.1
Project("{FAE04EC0-301F-11D3-BF4B-00C04F79EFBC}") = "Median of Two Sorted Arrays", "Median of Two Sorted Arrays\Median of Two Sorted Arrays.csproj", "{18369D97-6B10-499B-9338-D7A4FE63F59D}"
EndProject
Global
	GlobalSection(SolutionConfigurationPlatforms) = preSolution
		Debug|Any CPU = Debug|Any CPU
		Release|Any CPU = Release|Any CPU
	EndGlobalSection
	GlobalSection(ProjectConfigurationPlatforms) = postSolution
		{18369D97-6B10-499B-9338-D7A4FE63F59D}.Debug|Any CPU.ActiveCfg = Debug|Any CPU
		{18369D97-6B10-499B-9338-D7A4FE63F59D}.Debug|Any CPU.Build.0 = Debug|Any CPU
		{18369D97-6B10-499B-9338-D7A4FE63F59D}.Release|Any CPU.ActiveCfg = Release|Any CPU
		{18369D97-6B10-499B-9338-D7A4FE63F59D}.Release|Any CPU.Build.0 = Release|Any CPU
	EndGlobalSection
	GlobalSection(SolutionProperties) = preSolution
		HideSolutionNode = FALSE
	EndGlobalSection
	GlobalSection(ExtensibilityGlobals) = postSolution
		SolutionGuid = {4545AAD3-83A5-4C39-8511-7D410EC26127}
	EndGlobalSection
EndGlobal
